// !$*UTF8*$!
{
	archiveVersion = 1;
	classes = {
	};
	objectVersion = 51;
	objects = {

/* Begin PBXBuildFile section */
		0388E239B78800414475712E /* Pods_AnywhereFitness.framework in Frameworks */ = {isa = PBXBuildFile; fileRef = 000EC21877EC58FA2AB37DC5 /* Pods_AnywhereFitness.framework */; };
		4B29730723833A4600E9CC76 /* AppDelegate.swift in Sources */ = {isa = PBXBuildFile; fileRef = 4B29730623833A4600E9CC76 /* AppDelegate.swift */; };
		4B29730923833A4600E9CC76 /* SceneDelegate.swift in Sources */ = {isa = PBXBuildFile; fileRef = 4B29730823833A4600E9CC76 /* SceneDelegate.swift */; };
		4B29730E23833A4600E9CC76 /* Main.storyboard in Resources */ = {isa = PBXBuildFile; fileRef = 4B29730C23833A4600E9CC76 /* Main.storyboard */; };
		4B29731123833A4600E9CC76 /* AnywhereFitness.xcdatamodeld in Sources */ = {isa = PBXBuildFile; fileRef = 4B29730F23833A4600E9CC76 /* AnywhereFitness.xcdatamodeld */; };
		4B29731323833A4900E9CC76 /* Assets.xcassets in Resources */ = {isa = PBXBuildFile; fileRef = 4B29731223833A4900E9CC76 /* Assets.xcassets */; };
		4B29731623833A4900E9CC76 /* LaunchScreen.storyboard in Resources */ = {isa = PBXBuildFile; fileRef = 4B29731423833A4900E9CC76 /* LaunchScreen.storyboard */; };
		4B428DA823876CDE00748036 /* ClientController.swift in Sources */ = {isa = PBXBuildFile; fileRef = 4B428DA723876CDE00748036 /* ClientController.swift */; };
		4BB5FF48238471560053DD68 /* Class+Convenience.swift in Sources */ = {isa = PBXBuildFile; fileRef = 4BB5FF47238471560053DD68 /* Class+Convenience.swift */; };
		4BB5FF4A238471830053DD68 /* Client+Convenience.swift in Sources */ = {isa = PBXBuildFile; fileRef = 4BB5FF49238471830053DD68 /* Client+Convenience.swift */; };
		4BB5FF4C238471D10053DD68 /* ClassRepresentation.swift in Sources */ = {isa = PBXBuildFile; fileRef = 4BB5FF4B238471D10053DD68 /* ClassRepresentation.swift */; };
		4BB5FF4E238471EF0053DD68 /* ClientRepresentation.swift in Sources */ = {isa = PBXBuildFile; fileRef = 4BB5FF4D238471EF0053DD68 /* ClientRepresentation.swift */; };
		4BB5FF50238472060053DD68 /* InstructorRepresentation.swift in Sources */ = {isa = PBXBuildFile; fileRef = 4BB5FF4F238472060053DD68 /* InstructorRepresentation.swift */; };
		4BB5FF5F23847ACD0053DD68 /* AllClassesTableViewController.swift in Sources */ = {isa = PBXBuildFile; fileRef = 4BB5FF5E23847ACD0053DD68 /* AllClassesTableViewController.swift */; };
		4BB5FF6323847AE30053DD68 /* InstructorTableViewController.swift in Sources */ = {isa = PBXBuildFile; fileRef = 4BB5FF6223847AE30053DD68 /* InstructorTableViewController.swift */; };
		4BB5FF6523847AF10053DD68 /* AllClassesTableViewCell.swift in Sources */ = {isa = PBXBuildFile; fileRef = 4BB5FF6423847AF10053DD68 /* AllClassesTableViewCell.swift */; };
		4BB5FF6923847B0C0053DD68 /* InstructorTableViewCell.swift in Sources */ = {isa = PBXBuildFile; fileRef = 4BB5FF6823847B0C0053DD68 /* InstructorTableViewCell.swift */; };
		4BB5FF6B23849CA50053DD68 /* Instructor+Convenience.swift in Sources */ = {isa = PBXBuildFile; fileRef = 4BB5FF6A23849CA50053DD68 /* Instructor+Convenience.swift */; };
		4BD54850238356710040D1EA /* ClientLoginViewController.swift in Sources */ = {isa = PBXBuildFile; fileRef = 4BD5484F238356710040D1EA /* ClientLoginViewController.swift */; };
		4BD54852238356910040D1EA /* InstructorLoginViewController.swift in Sources */ = {isa = PBXBuildFile; fileRef = 4BD54851238356910040D1EA /* InstructorLoginViewController.swift */; };
		4BD54856238356E40040D1EA /* CreateClassViewController.swift in Sources */ = {isa = PBXBuildFile; fileRef = 4BD54855238356E40040D1EA /* CreateClassViewController.swift */; };
		4BD54858238356ED0040D1EA /* ClassInfoViewController.swift in Sources */ = {isa = PBXBuildFile; fileRef = 4BD54857238356ED0040D1EA /* ClassInfoViewController.swift */; };
		4BD5485B238358290040D1EA /* OnboardViewController.swift in Sources */ = {isa = PBXBuildFile; fileRef = 4BD5485A238358290040D1EA /* OnboardViewController.swift */; };
		80A8A355238469CA000AED7C /* CoreDataStack.swift in Sources */ = {isa = PBXBuildFile; fileRef = 80A8A354238469CA000AED7C /* CoreDataStack.swift */; };
		80A8A386238487F1000AED7C /* ClassController.swift in Sources */ = {isa = PBXBuildFile; fileRef = 80A8A385238487F1000AED7C /* ClassController.swift */; };
		80A8A38823849F3C000AED7C /* GoogleService-Info.plist in Resources */ = {isa = PBXBuildFile; fileRef = 80A8A38723849F3C000AED7C /* GoogleService-Info.plist */; };
		80FE466A23866B1F00C8D484 /* KeychainItem.swift in Sources */ = {isa = PBXBuildFile; fileRef = 80FE466923866B1F00C8D484 /* KeychainItem.swift */; };
		80FE466C238705AD00C8D484 /* PaperOnboarding.framework in Frameworks */ = {isa = PBXBuildFile; fileRef = 80FE466B238705AD00C8D484 /* PaperOnboarding.framework */; };
		80FE466D238705AD00C8D484 /* PaperOnboarding.framework in Embed Frameworks */ = {isa = PBXBuildFile; fileRef = 80FE466B238705AD00C8D484 /* PaperOnboarding.framework */; settings = {ATTRIBUTES = (CodeSignOnCopy, RemoveHeadersOnCopy, ); }; };
		80FE469D2387F48A00C8D484 /* Onboarding.storyboard in Resources */ = {isa = PBXBuildFile; fileRef = 80FE469C2387F48A00C8D484 /* Onboarding.storyboard */; };
		80FE469F2387F4A500C8D484 /* WalkthroughContentViewController.swift in Sources */ = {isa = PBXBuildFile; fileRef = 80FE469E2387F4A500C8D484 /* WalkthroughContentViewController.swift */; };
		80FE46A12387F4FA00C8D484 /* WalkthroughPageViewController.swift in Sources */ = {isa = PBXBuildFile; fileRef = 80FE46A02387F4FA00C8D484 /* WalkthroughPageViewController.swift */; };
		80FE46A32387F54000C8D484 /* WalkthroughViewController.swift in Sources */ = {isa = PBXBuildFile; fileRef = 80FE46A22387F54000C8D484 /* WalkthroughViewController.swift */; };
/* End PBXBuildFile section */

/* Begin PBXCopyFilesBuildPhase section */
		80FE466E238705AD00C8D484 /* Embed Frameworks */ = {
			isa = PBXCopyFilesBuildPhase;
			buildActionMask = 2147483647;
			dstPath = "";
			dstSubfolderSpec = 10;
			files = (
				80FE466D238705AD00C8D484 /* PaperOnboarding.framework in Embed Frameworks */,
			);
			name = "Embed Frameworks";
			runOnlyForDeploymentPostprocessing = 0;
		};
/* End PBXCopyFilesBuildPhase section */

/* Begin PBXFileReference section */
		000EC21877EC58FA2AB37DC5 /* Pods_AnywhereFitness.framework */ = {isa = PBXFileReference; explicitFileType = wrapper.framework; includeInIndex = 0; path = Pods_AnywhereFitness.framework; sourceTree = BUILT_PRODUCTS_DIR; };
		0374E172214CDDF918B70DDC /* Pods-AnywhereFitness.release.xcconfig */ = {isa = PBXFileReference; includeInIndex = 1; lastKnownFileType = text.xcconfig; name = "Pods-AnywhereFitness.release.xcconfig"; path = "Target Support Files/Pods-AnywhereFitness/Pods-AnywhereFitness.release.xcconfig"; sourceTree = "<group>"; };
		4B29730323833A4600E9CC76 /* AnywhereFitness.app */ = {isa = PBXFileReference; explicitFileType = wrapper.application; includeInIndex = 0; path = AnywhereFitness.app; sourceTree = BUILT_PRODUCTS_DIR; };
		4B29730623833A4600E9CC76 /* AppDelegate.swift */ = {isa = PBXFileReference; lastKnownFileType = sourcecode.swift; path = AppDelegate.swift; sourceTree = "<group>"; };
		4B29730823833A4600E9CC76 /* SceneDelegate.swift */ = {isa = PBXFileReference; lastKnownFileType = sourcecode.swift; path = SceneDelegate.swift; sourceTree = "<group>"; };
		4B29730D23833A4600E9CC76 /* Base */ = {isa = PBXFileReference; lastKnownFileType = file.storyboard; name = Base; path = Base.lproj/Main.storyboard; sourceTree = "<group>"; };
		4B29731023833A4600E9CC76 /* AnywhereFitness.xcdatamodel */ = {isa = PBXFileReference; lastKnownFileType = wrapper.xcdatamodel; path = AnywhereFitness.xcdatamodel; sourceTree = "<group>"; };
		4B29731223833A4900E9CC76 /* Assets.xcassets */ = {isa = PBXFileReference; lastKnownFileType = folder.assetcatalog; path = Assets.xcassets; sourceTree = "<group>"; };
		4B29731523833A4900E9CC76 /* Base */ = {isa = PBXFileReference; lastKnownFileType = file.storyboard; name = Base; path = Base.lproj/LaunchScreen.storyboard; sourceTree = "<group>"; };
		4B29731723833A4900E9CC76 /* Info.plist */ = {isa = PBXFileReference; lastKnownFileType = text.plist.xml; path = Info.plist; sourceTree = "<group>"; };
		4B428DA723876CDE00748036 /* ClientController.swift */ = {isa = PBXFileReference; lastKnownFileType = sourcecode.swift; path = ClientController.swift; sourceTree = "<group>"; };
		4BB5FF47238471560053DD68 /* Class+Convenience.swift */ = {isa = PBXFileReference; lastKnownFileType = sourcecode.swift; path = "Class+Convenience.swift"; sourceTree = "<group>"; };
		4BB5FF49238471830053DD68 /* Client+Convenience.swift */ = {isa = PBXFileReference; lastKnownFileType = sourcecode.swift; path = "Client+Convenience.swift"; sourceTree = "<group>"; };
		4BB5FF4B238471D10053DD68 /* ClassRepresentation.swift */ = {isa = PBXFileReference; lastKnownFileType = sourcecode.swift; path = ClassRepresentation.swift; sourceTree = "<group>"; };
		4BB5FF4D238471EF0053DD68 /* ClientRepresentation.swift */ = {isa = PBXFileReference; lastKnownFileType = sourcecode.swift; path = ClientRepresentation.swift; sourceTree = "<group>"; };
		4BB5FF4F238472060053DD68 /* InstructorRepresentation.swift */ = {isa = PBXFileReference; lastKnownFileType = sourcecode.swift; path = InstructorRepresentation.swift; sourceTree = "<group>"; };
		4BB5FF5E23847ACD0053DD68 /* AllClassesTableViewController.swift */ = {isa = PBXFileReference; lastKnownFileType = sourcecode.swift; path = AllClassesTableViewController.swift; sourceTree = "<group>"; };
		4BB5FF6223847AE30053DD68 /* InstructorTableViewController.swift */ = {isa = PBXFileReference; lastKnownFileType = sourcecode.swift; path = InstructorTableViewController.swift; sourceTree = "<group>"; };
		4BB5FF6423847AF10053DD68 /* AllClassesTableViewCell.swift */ = {isa = PBXFileReference; lastKnownFileType = sourcecode.swift; path = AllClassesTableViewCell.swift; sourceTree = "<group>"; };
		4BB5FF6823847B0C0053DD68 /* InstructorTableViewCell.swift */ = {isa = PBXFileReference; lastKnownFileType = sourcecode.swift; path = InstructorTableViewCell.swift; sourceTree = "<group>"; };
		4BB5FF6A23849CA50053DD68 /* Instructor+Convenience.swift */ = {isa = PBXFileReference; lastKnownFileType = sourcecode.swift; path = "Instructor+Convenience.swift"; sourceTree = "<group>"; };
		4BD5484F238356710040D1EA /* ClientLoginViewController.swift */ = {isa = PBXFileReference; lastKnownFileType = sourcecode.swift; path = ClientLoginViewController.swift; sourceTree = "<group>"; };
		4BD54851238356910040D1EA /* InstructorLoginViewController.swift */ = {isa = PBXFileReference; lastKnownFileType = sourcecode.swift; path = InstructorLoginViewController.swift; sourceTree = "<group>"; };
		4BD54855238356E40040D1EA /* CreateClassViewController.swift */ = {isa = PBXFileReference; lastKnownFileType = sourcecode.swift; path = CreateClassViewController.swift; sourceTree = "<group>"; };
		4BD54857238356ED0040D1EA /* ClassInfoViewController.swift */ = {isa = PBXFileReference; lastKnownFileType = sourcecode.swift; path = ClassInfoViewController.swift; sourceTree = "<group>"; };
		4BD5485A238358290040D1EA /* OnboardViewController.swift */ = {isa = PBXFileReference; lastKnownFileType = sourcecode.swift; path = OnboardViewController.swift; sourceTree = "<group>"; };
		569EF006430926C8305F2E5E /* Pods-AnywhereFitness.debug.xcconfig */ = {isa = PBXFileReference; includeInIndex = 1; lastKnownFileType = text.xcconfig; name = "Pods-AnywhereFitness.debug.xcconfig"; path = "Target Support Files/Pods-AnywhereFitness/Pods-AnywhereFitness.debug.xcconfig"; sourceTree = "<group>"; };
		80A8A354238469CA000AED7C /* CoreDataStack.swift */ = {isa = PBXFileReference; lastKnownFileType = sourcecode.swift; path = CoreDataStack.swift; sourceTree = "<group>"; };
		80A8A385238487F1000AED7C /* ClassController.swift */ = {isa = PBXFileReference; lastKnownFileType = sourcecode.swift; path = ClassController.swift; sourceTree = "<group>"; };
		80A8A38723849F3C000AED7C /* GoogleService-Info.plist */ = {isa = PBXFileReference; fileEncoding = 4; lastKnownFileType = text.plist.xml; path = "GoogleService-Info.plist"; sourceTree = "<group>"; };
		80FE46682386629600C8D484 /* AnywhereFitness.entitlements */ = {isa = PBXFileReference; lastKnownFileType = text.plist.entitlements; path = AnywhereFitness.entitlements; sourceTree = "<group>"; };
		80FE466923866B1F00C8D484 /* KeychainItem.swift */ = {isa = PBXFileReference; lastKnownFileType = sourcecode.swift; path = KeychainItem.swift; sourceTree = "<group>"; };
		80FE466B238705AD00C8D484 /* PaperOnboarding.framework */ = {isa = PBXFileReference; lastKnownFileType = wrapper.framework; name = PaperOnboarding.framework; path = Carthage/Build/iOS/PaperOnboarding.framework; sourceTree = "<group>"; };
		80FE469C2387F48A00C8D484 /* Onboarding.storyboard */ = {isa = PBXFileReference; lastKnownFileType = file.storyboard; path = Onboarding.storyboard; sourceTree = "<group>"; };
		80FE469E2387F4A500C8D484 /* WalkthroughContentViewController.swift */ = {isa = PBXFileReference; lastKnownFileType = sourcecode.swift; path = WalkthroughContentViewController.swift; sourceTree = "<group>"; };
		80FE46A02387F4FA00C8D484 /* WalkthroughPageViewController.swift */ = {isa = PBXFileReference; lastKnownFileType = sourcecode.swift; path = WalkthroughPageViewController.swift; sourceTree = "<group>"; };
		80FE46A22387F54000C8D484 /* WalkthroughViewController.swift */ = {isa = PBXFileReference; lastKnownFileType = sourcecode.swift; path = WalkthroughViewController.swift; sourceTree = "<group>"; };
/* End PBXFileReference section */

/* Begin PBXFrameworksBuildPhase section */
		4B29730023833A4600E9CC76 /* Frameworks */ = {
			isa = PBXFrameworksBuildPhase;
			buildActionMask = 2147483647;
			files = (
				80FE466C238705AD00C8D484 /* PaperOnboarding.framework in Frameworks */,
				0388E239B78800414475712E /* Pods_AnywhereFitness.framework in Frameworks */,
			);
			runOnlyForDeploymentPostprocessing = 0;
		};
/* End PBXFrameworksBuildPhase section */

/* Begin PBXGroup section */
		4B2972FA23833A4600E9CC76 = {
			isa = PBXGroup;
			children = (
				4B29730523833A4600E9CC76 /* AnywhereFitness */,
				4B29730423833A4600E9CC76 /* Products */,
				C3C9E76A2910E754B3247AEC /* Pods */,
				60D5D68D7234001786B140FD /* Frameworks */,
			);
			sourceTree = "<group>";
		};
		4B29730423833A4600E9CC76 /* Products */ = {
			isa = PBXGroup;
			children = (
				4B29730323833A4600E9CC76 /* AnywhereFitness.app */,
			);
			name = Products;
			sourceTree = "<group>";
		};
		4B29730523833A4600E9CC76 /* AnywhereFitness */ = {
			isa = PBXGroup;
			children = (
				80FE46682386629600C8D484 /* AnywhereFitness.entitlements */,
				4B29730623833A4600E9CC76 /* AppDelegate.swift */,
				4B29730823833A4600E9CC76 /* SceneDelegate.swift */,
				4BB5FF5D23847AB70053DD68 /* TableViewControllers */,
				80A8A356238469E4000AED7C /* Models */,
				4BD548492383555E0040D1EA /* ViewControllers */,
				4BD548462383521D0040D1EA /* Resources */,
				4B29731223833A4900E9CC76 /* Assets.xcassets */,
				4B29731423833A4900E9CC76 /* LaunchScreen.storyboard */,
				4B29731723833A4900E9CC76 /* Info.plist */,
				80A8A38723849F3C000AED7C /* GoogleService-Info.plist */,
				80A8A385238487F1000AED7C /* ClassController.swift */,
				4B428DA723876CDE00748036 /* ClientController.swift */,
				80FE466923866B1F00C8D484 /* KeychainItem.swift */,
			);
			path = AnywhereFitness;
			sourceTree = "<group>";
		};
		4BB5FF5D23847AB70053DD68 /* TableViewControllers */ = {
			isa = PBXGroup;
			children = (
				4BB5FF5E23847ACD0053DD68 /* AllClassesTableViewController.swift */,
				4BB5FF6223847AE30053DD68 /* InstructorTableViewController.swift */,
				4BB5FF6423847AF10053DD68 /* AllClassesTableViewCell.swift */,
				4BB5FF6823847B0C0053DD68 /* InstructorTableViewCell.swift */,
			);
			path = TableViewControllers;
			sourceTree = "<group>";
		};
		4BD548462383521D0040D1EA /* Resources */ = {
			isa = PBXGroup;
			children = (
				4B29730C23833A4600E9CC76 /* Main.storyboard */,
				80FE469C2387F48A00C8D484 /* Onboarding.storyboard */,
				80FE469E2387F4A500C8D484 /* WalkthroughContentViewController.swift */,
				80FE46A02387F4FA00C8D484 /* WalkthroughPageViewController.swift */,
				80FE46A22387F54000C8D484 /* WalkthroughViewController.swift */,
			);
			path = Resources;
			sourceTree = "<group>";
		};
		4BD548492383555E0040D1EA /* ViewControllers */ = {
			isa = PBXGroup;
			children = (
				4BD54859238358100040D1EA /* OnboardViewControllers */,
				4BD54854238356D60040D1EA /* ClassViewControllers */,
				4BD54853238356A30040D1EA /* LoginViewControllers */,
			);
			path = ViewControllers;
			sourceTree = "<group>";
		};
		4BD54853238356A30040D1EA /* LoginViewControllers */ = {
			isa = PBXGroup;
			children = (
				4BD5484F238356710040D1EA /* ClientLoginViewController.swift */,
				4BD54851238356910040D1EA /* InstructorLoginViewController.swift */,
			);
			path = LoginViewControllers;
			sourceTree = "<group>";
		};
		4BD54854238356D60040D1EA /* ClassViewControllers */ = {
			isa = PBXGroup;
			children = (
				4BD54855238356E40040D1EA /* CreateClassViewController.swift */,
				4BD54857238356ED0040D1EA /* ClassInfoViewController.swift */,
			);
			path = ClassViewControllers;
			sourceTree = "<group>";
		};
		4BD54859238358100040D1EA /* OnboardViewControllers */ = {
			isa = PBXGroup;
			children = (
				4BD5485A238358290040D1EA /* OnboardViewController.swift */,
			);
			path = OnboardViewControllers;
			sourceTree = "<group>";
		};
		60D5D68D7234001786B140FD /* Frameworks */ = {
			isa = PBXGroup;
			children = (
				80FE466B238705AD00C8D484 /* PaperOnboarding.framework */,
				000EC21877EC58FA2AB37DC5 /* Pods_AnywhereFitness.framework */,
			);
			name = Frameworks;
			sourceTree = "<group>";
		};
		80A8A356238469E4000AED7C /* Models */ = {
			isa = PBXGroup;
			children = (
				80A8A354238469CA000AED7C /* CoreDataStack.swift */,
				4BB5FF47238471560053DD68 /* Class+Convenience.swift */,
				4BB5FF49238471830053DD68 /* Client+Convenience.swift */,
				4BB5FF6A23849CA50053DD68 /* Instructor+Convenience.swift */,
				4BB5FF4B238471D10053DD68 /* ClassRepresentation.swift */,
				4BB5FF4D238471EF0053DD68 /* ClientRepresentation.swift */,
				4BB5FF4F238472060053DD68 /* InstructorRepresentation.swift */,
				4B29730F23833A4600E9CC76 /* AnywhereFitness.xcdatamodeld */,
			);
			path = Models;
			sourceTree = "<group>";
		};
		C3C9E76A2910E754B3247AEC /* Pods */ = {
			isa = PBXGroup;
			children = (
				569EF006430926C8305F2E5E /* Pods-AnywhereFitness.debug.xcconfig */,
				0374E172214CDDF918B70DDC /* Pods-AnywhereFitness.release.xcconfig */,
			);
			path = Pods;
			sourceTree = "<group>";
		};
/* End PBXGroup section */

/* Begin PBXNativeTarget section */
		4B29730223833A4600E9CC76 /* AnywhereFitness */ = {
			isa = PBXNativeTarget;
			buildConfigurationList = 4B29731A23833A4900E9CC76 /* Build configuration list for PBXNativeTarget "AnywhereFitness" */;
			buildPhases = (
				318EFFEC8D174B8C812FBE35 /* [CP] Check Pods Manifest.lock */,
				4B2972FF23833A4600E9CC76 /* Sources */,
				4B29730023833A4600E9CC76 /* Frameworks */,
				4B29730123833A4600E9CC76 /* Resources */,
				DE51E59FBB44D988723C7700 /* [CP] Embed Pods Frameworks */,
				80FE466E238705AD00C8D484 /* Embed Frameworks */,
				80FE466F238705CD00C8D484 /* ShellScript */,
			);
			buildRules = (
			);
			dependencies = (
			);
			name = AnywhereFitness;
			productName = AnywhereFitness;
			productReference = 4B29730323833A4600E9CC76 /* AnywhereFitness.app */;
			productType = "com.apple.product-type.application";
		};
/* End PBXNativeTarget section */

/* Begin PBXProject section */
		4B2972FB23833A4600E9CC76 /* Project object */ = {
			isa = PBXProject;
			attributes = {
				LastSwiftUpdateCheck = 1110;
				LastUpgradeCheck = 1110;
				ORGANIZATIONNAME = NarJesse;
				TargetAttributes = {
					4B29730223833A4600E9CC76 = {
						CreatedOnToolsVersion = 11.1;
					};
				};
			};
			buildConfigurationList = 4B2972FE23833A4600E9CC76 /* Build configuration list for PBXProject "AnywhereFitness" */;
			compatibilityVersion = "Xcode 9.3";
			developmentRegion = en;
			hasScannedForEncodings = 0;
			knownRegions = (
				en,
				Base,
			);
			mainGroup = 4B2972FA23833A4600E9CC76;
			productRefGroup = 4B29730423833A4600E9CC76 /* Products */;
			projectDirPath = "";
			projectRoot = "";
			targets = (
				4B29730223833A4600E9CC76 /* AnywhereFitness */,
			);
		};
/* End PBXProject section */

/* Begin PBXResourcesBuildPhase section */
		4B29730123833A4600E9CC76 /* Resources */ = {
			isa = PBXResourcesBuildPhase;
			buildActionMask = 2147483647;
			files = (
				4B29731623833A4900E9CC76 /* LaunchScreen.storyboard in Resources */,
				80FE469D2387F48A00C8D484 /* Onboarding.storyboard in Resources */,
				80A8A38823849F3C000AED7C /* GoogleService-Info.plist in Resources */,
				4B29731323833A4900E9CC76 /* Assets.xcassets in Resources */,
				4B29730E23833A4600E9CC76 /* Main.storyboard in Resources */,
			);
			runOnlyForDeploymentPostprocessing = 0;
		};
/* End PBXResourcesBuildPhase section */

/* Begin PBXShellScriptBuildPhase section */
		318EFFEC8D174B8C812FBE35 /* [CP] Check Pods Manifest.lock */ = {
			isa = PBXShellScriptBuildPhase;
			buildActionMask = 2147483647;
			files = (
			);
			inputFileListPaths = (
			);
			inputPaths = (
				"${PODS_PODFILE_DIR_PATH}/Podfile.lock",
				"${PODS_ROOT}/Manifest.lock",
			);
			name = "[CP] Check Pods Manifest.lock";
			outputFileListPaths = (
			);
			outputPaths = (
				"$(DERIVED_FILE_DIR)/Pods-AnywhereFitness-checkManifestLockResult.txt",
			);
			runOnlyForDeploymentPostprocessing = 0;
			shellPath = /bin/sh;
			shellScript = "diff \"${PODS_PODFILE_DIR_PATH}/Podfile.lock\" \"${PODS_ROOT}/Manifest.lock\" > /dev/null\nif [ $? != 0 ] ; then\n    # print error to STDERR\n    echo \"error: The sandbox is not in sync with the Podfile.lock. Run 'pod install' or update your CocoaPods installation.\" >&2\n    exit 1\nfi\n# This output is used by Xcode 'outputs' to avoid re-running this script phase.\necho \"SUCCESS\" > \"${SCRIPT_OUTPUT_FILE_0}\"\n";
			showEnvVarsInLog = 0;
		};
		80FE466F238705CD00C8D484 /* ShellScript */ = {
			isa = PBXShellScriptBuildPhase;
			buildActionMask = 2147483647;
			files = (
			);
			inputFileListPaths = (
			);
			inputPaths = (
				"$(SRCROOT)/Carthage/Build/iOS/PaperOnboarding.framework",
			);
			outputFileListPaths = (
			);
			outputPaths = (
				"$(DERIVED_FILE_DIR)/Carthage/Build/iOS/PaperOnboarding.framework",
			);
			runOnlyForDeploymentPostprocessing = 0;
			shellPath = /bin/sh;
			shellScript = "/usr/local/bin/carthage copy-frameworks\n";
		};
		DE51E59FBB44D988723C7700 /* [CP] Embed Pods Frameworks */ = {
			isa = PBXShellScriptBuildPhase;
			buildActionMask = 2147483647;
			files = (
			);
			inputFileListPaths = (
				"${PODS_ROOT}/Target Support Files/Pods-AnywhereFitness/Pods-AnywhereFitness-frameworks-${CONFIGURATION}-input-files.xcfilelist",
			);
			name = "[CP] Embed Pods Frameworks";
			outputFileListPaths = (
				"${PODS_ROOT}/Target Support Files/Pods-AnywhereFitness/Pods-AnywhereFitness-frameworks-${CONFIGURATION}-output-files.xcfilelist",
			);
			runOnlyForDeploymentPostprocessing = 0;
			shellPath = /bin/sh;
			shellScript = "\"${PODS_ROOT}/Target Support Files/Pods-AnywhereFitness/Pods-AnywhereFitness-frameworks.sh\"\n";
			showEnvVarsInLog = 0;
		};
/* End PBXShellScriptBuildPhase section */

/* Begin PBXSourcesBuildPhase section */
		4B2972FF23833A4600E9CC76 /* Sources */ = {
			isa = PBXSourcesBuildPhase;
			buildActionMask = 2147483647;
			files = (
				4BB5FF6923847B0C0053DD68 /* InstructorTableViewCell.swift in Sources */,
				80FE46A32387F54000C8D484 /* WalkthroughViewController.swift in Sources */,
				4BB5FF4E238471EF0053DD68 /* ClientRepresentation.swift in Sources */,
				80A8A355238469CA000AED7C /* CoreDataStack.swift in Sources */,
				4BB5FF50238472060053DD68 /* InstructorRepresentation.swift in Sources */,
				4B29730723833A4600E9CC76 /* AppDelegate.swift in Sources */,
				4BD54850238356710040D1EA /* ClientLoginViewController.swift in Sources */,
				4BD54852238356910040D1EA /* InstructorLoginViewController.swift in Sources */,
				4BD5485B238358290040D1EA /* OnboardViewController.swift in Sources */,
				80FE466A23866B1F00C8D484 /* KeychainItem.swift in Sources */,
				4BB5FF48238471560053DD68 /* Class+Convenience.swift in Sources */,
				4BB5FF4A238471830053DD68 /* Client+Convenience.swift in Sources */,
				80FE46A12387F4FA00C8D484 /* WalkthroughPageViewController.swift in Sources */,
				4BB5FF6523847AF10053DD68 /* AllClassesTableViewCell.swift in Sources */,
				4BD54858238356ED0040D1EA /* ClassInfoViewController.swift in Sources */,
				4B29730923833A4600E9CC76 /* SceneDelegate.swift in Sources */,
				80A8A386238487F1000AED7C /* ClassController.swift in Sources */,
				4BB5FF6323847AE30053DD68 /* InstructorTableViewController.swift in Sources */,
				4BB5FF5F23847ACD0053DD68 /* AllClassesTableViewController.swift in Sources */,
				4BB5FF6B23849CA50053DD68 /* Instructor+Convenience.swift in Sources */,
				4BB5FF4C238471D10053DD68 /* ClassRepresentation.swift in Sources */,
				4B428DA823876CDE00748036 /* ClientController.swift in Sources */,
				80FE469F2387F4A500C8D484 /* WalkthroughContentViewController.swift in Sources */,
				4B29731123833A4600E9CC76 /* AnywhereFitness.xcdatamodeld in Sources */,
				4BD54856238356E40040D1EA /* CreateClassViewController.swift in Sources */,
			);
			runOnlyForDeploymentPostprocessing = 0;
		};
/* End PBXSourcesBuildPhase section */

/* Begin PBXVariantGroup section */
		4B29730C23833A4600E9CC76 /* Main.storyboard */ = {
			isa = PBXVariantGroup;
			children = (
				4B29730D23833A4600E9CC76 /* Base */,
			);
			name = Main.storyboard;
			sourceTree = "<group>";
		};
		4B29731423833A4900E9CC76 /* LaunchScreen.storyboard */ = {
			isa = PBXVariantGroup;
			children = (
				4B29731523833A4900E9CC76 /* Base */,
			);
			name = LaunchScreen.storyboard;
			sourceTree = "<group>";
		};
/* End PBXVariantGroup section */

/* Begin XCBuildConfiguration section */
		4B29731823833A4900E9CC76 /* Debug */ = {
			isa = XCBuildConfiguration;
			buildSettings = {
				ALWAYS_SEARCH_USER_PATHS = NO;
				CLANG_ANALYZER_NONNULL = YES;
				CLANG_ANALYZER_NUMBER_OBJECT_CONVERSION = YES_AGGRESSIVE;
				CLANG_CXX_LANGUAGE_STANDARD = "gnu++14";
				CLANG_CXX_LIBRARY = "libc++";
				CLANG_ENABLE_MODULES = YES;
				CLANG_ENABLE_OBJC_ARC = YES;
				CLANG_ENABLE_OBJC_WEAK = YES;
				CLANG_WARN_BLOCK_CAPTURE_AUTORELEASING = YES;
				CLANG_WARN_BOOL_CONVERSION = YES;
				CLANG_WARN_COMMA = YES;
				CLANG_WARN_CONSTANT_CONVERSION = YES;
				CLANG_WARN_DEPRECATED_OBJC_IMPLEMENTATIONS = YES;
				CLANG_WARN_DIRECT_OBJC_ISA_USAGE = YES_ERROR;
				CLANG_WARN_DOCUMENTATION_COMMENTS = YES;
				CLANG_WARN_EMPTY_BODY = YES;
				CLANG_WARN_ENUM_CONVERSION = YES;
				CLANG_WARN_INFINITE_RECURSION = YES;
				CLANG_WARN_INT_CONVERSION = YES;
				CLANG_WARN_NON_LITERAL_NULL_CONVERSION = YES;
				CLANG_WARN_OBJC_IMPLICIT_RETAIN_SELF = YES;
				CLANG_WARN_OBJC_LITERAL_CONVERSION = YES;
				CLANG_WARN_OBJC_ROOT_CLASS = YES_ERROR;
				CLANG_WARN_RANGE_LOOP_ANALYSIS = YES;
				CLANG_WARN_STRICT_PROTOTYPES = YES;
				CLANG_WARN_SUSPICIOUS_MOVE = YES;
				CLANG_WARN_UNGUARDED_AVAILABILITY = YES_AGGRESSIVE;
				CLANG_WARN_UNREACHABLE_CODE = YES;
				CLANG_WARN__DUPLICATE_METHOD_MATCH = YES;
				COPY_PHASE_STRIP = NO;
				DEBUG_INFORMATION_FORMAT = dwarf;
				ENABLE_STRICT_OBJC_MSGSEND = YES;
				ENABLE_TESTABILITY = YES;
				GCC_C_LANGUAGE_STANDARD = gnu11;
				GCC_DYNAMIC_NO_PIC = NO;
				GCC_NO_COMMON_BLOCKS = YES;
				GCC_OPTIMIZATION_LEVEL = 0;
				GCC_PREPROCESSOR_DEFINITIONS = (
					"DEBUG=1",
					"$(inherited)",
				);
				GCC_WARN_64_TO_32_BIT_CONVERSION = YES;
				GCC_WARN_ABOUT_RETURN_TYPE = YES_ERROR;
				GCC_WARN_UNDECLARED_SELECTOR = YES;
				GCC_WARN_UNINITIALIZED_AUTOS = YES_AGGRESSIVE;
				GCC_WARN_UNUSED_FUNCTION = YES;
				GCC_WARN_UNUSED_VARIABLE = YES;
				IPHONEOS_DEPLOYMENT_TARGET = 13.1;
				MTL_ENABLE_DEBUG_INFO = INCLUDE_SOURCE;
				MTL_FAST_MATH = YES;
				ONLY_ACTIVE_ARCH = YES;
				SDKROOT = iphoneos;
				SWIFT_ACTIVE_COMPILATION_CONDITIONS = DEBUG;
				SWIFT_OPTIMIZATION_LEVEL = "-Onone";
			};
			name = Debug;
		};
		4B29731923833A4900E9CC76 /* Release */ = {
			isa = XCBuildConfiguration;
			buildSettings = {
				ALWAYS_SEARCH_USER_PATHS = NO;
				CLANG_ANALYZER_NONNULL = YES;
				CLANG_ANALYZER_NUMBER_OBJECT_CONVERSION = YES_AGGRESSIVE;
				CLANG_CXX_LANGUAGE_STANDARD = "gnu++14";
				CLANG_CXX_LIBRARY = "libc++";
				CLANG_ENABLE_MODULES = YES;
				CLANG_ENABLE_OBJC_ARC = YES;
				CLANG_ENABLE_OBJC_WEAK = YES;
				CLANG_WARN_BLOCK_CAPTURE_AUTORELEASING = YES;
				CLANG_WARN_BOOL_CONVERSION = YES;
				CLANG_WARN_COMMA = YES;
				CLANG_WARN_CONSTANT_CONVERSION = YES;
				CLANG_WARN_DEPRECATED_OBJC_IMPLEMENTATIONS = YES;
				CLANG_WARN_DIRECT_OBJC_ISA_USAGE = YES_ERROR;
				CLANG_WARN_DOCUMENTATION_COMMENTS = YES;
				CLANG_WARN_EMPTY_BODY = YES;
				CLANG_WARN_ENUM_CONVERSION = YES;
				CLANG_WARN_INFINITE_RECURSION = YES;
				CLANG_WARN_INT_CONVERSION = YES;
				CLANG_WARN_NON_LITERAL_NULL_CONVERSION = YES;
				CLANG_WARN_OBJC_IMPLICIT_RETAIN_SELF = YES;
				CLANG_WARN_OBJC_LITERAL_CONVERSION = YES;
				CLANG_WARN_OBJC_ROOT_CLASS = YES_ERROR;
				CLANG_WARN_RANGE_LOOP_ANALYSIS = YES;
				CLANG_WARN_STRICT_PROTOTYPES = YES;
				CLANG_WARN_SUSPICIOUS_MOVE = YES;
				CLANG_WARN_UNGUARDED_AVAILABILITY = YES_AGGRESSIVE;
				CLANG_WARN_UNREACHABLE_CODE = YES;
				CLANG_WARN__DUPLICATE_METHOD_MATCH = YES;
				COPY_PHASE_STRIP = NO;
				DEBUG_INFORMATION_FORMAT = "dwarf-with-dsym";
				ENABLE_NS_ASSERTIONS = NO;
				ENABLE_STRICT_OBJC_MSGSEND = YES;
				GCC_C_LANGUAGE_STANDARD = gnu11;
				GCC_NO_COMMON_BLOCKS = YES;
				GCC_WARN_64_TO_32_BIT_CONVERSION = YES;
				GCC_WARN_ABOUT_RETURN_TYPE = YES_ERROR;
				GCC_WARN_UNDECLARED_SELECTOR = YES;
				GCC_WARN_UNINITIALIZED_AUTOS = YES_AGGRESSIVE;
				GCC_WARN_UNUSED_FUNCTION = YES;
				GCC_WARN_UNUSED_VARIABLE = YES;
				IPHONEOS_DEPLOYMENT_TARGET = 13.1;
				MTL_ENABLE_DEBUG_INFO = NO;
				MTL_FAST_MATH = YES;
				SDKROOT = iphoneos;
				SWIFT_COMPILATION_MODE = wholemodule;
				SWIFT_OPTIMIZATION_LEVEL = "-O";
				VALIDATE_PRODUCT = YES;
			};
			name = Release;
		};
		4B29731B23833A4900E9CC76 /* Debug */ = {
			isa = XCBuildConfiguration;
			baseConfigurationReference = 569EF006430926C8305F2E5E /* Pods-AnywhereFitness.debug.xcconfig */;
			buildSettings = {
				ASSETCATALOG_COMPILER_APPICON_NAME = AppIcon;
				CODE_SIGN_ENTITLEMENTS = AnywhereFitness/AnywhereFitness.entitlements;
				CODE_SIGN_STYLE = Automatic;
				DEVELOPMENT_TEAM = 5792949ZYF;
				FRAMEWORK_SEARCH_PATHS = (
					"$(inherited)",
					"$(PROJECT_DIR)/Carthage/Build/iOS",
				);
				INFOPLIST_FILE = AnywhereFitness/Info.plist;
				LD_RUNPATH_SEARCH_PATHS = (
					"$(inherited)",
					"@executable_path/Frameworks",
				);
				PRODUCT_BUNDLE_IDENTIFIER = com.NarJesse.AnywhereFitness;
				PRODUCT_NAME = "$(TARGET_NAME)";
				SWIFT_VERSION = 5.0;
				TARGETED_DEVICE_FAMILY = "1,2";
			};
			name = Debug;
		};
		4B29731C23833A4900E9CC76 /* Release */ = {
			isa = XCBuildConfiguration;
			baseConfigurationReference = 0374E172214CDDF918B70DDC /* Pods-AnywhereFitness.release.xcconfig */;
			buildSettings = {
				ASSETCATALOG_COMPILER_APPICON_NAME = AppIcon;
				CODE_SIGN_ENTITLEMENTS = AnywhereFitness/AnywhereFitness.entitlements;
				CODE_SIGN_STYLE = Automatic;
				DEVELOPMENT_TEAM = 5792949ZYF;
				FRAMEWORK_SEARCH_PATHS = (
					"$(inherited)",
					"$(PROJECT_DIR)/Carthage/Build/iOS",
				);
				INFOPLIST_FILE = AnywhereFitness/Info.plist;
				LD_RUNPATH_SEARCH_PATHS = (
					"$(inherited)",
					"@executable_path/Frameworks",
				);
				PRODUCT_BUNDLE_IDENTIFIER = com.NarJesse.AnywhereFitness;
				PRODUCT_NAME = "$(TARGET_NAME)";
				SWIFT_VERSION = 5.0;
				TARGETED_DEVICE_FAMILY = "1,2";
			};
			name = Release;
		};
/* End XCBuildConfiguration section */

/* Begin XCConfigurationList section */
		4B2972FE23833A4600E9CC76 /* Build configuration list for PBXProject "AnywhereFitness" */ = {
			isa = XCConfigurationList;
			buildConfigurations = (
				4B29731823833A4900E9CC76 /* Debug */,
				4B29731923833A4900E9CC76 /* Release */,
			);
			defaultConfigurationIsVisible = 0;
			defaultConfigurationName = Release;
		};
		4B29731A23833A4900E9CC76 /* Build configuration list for PBXNativeTarget "AnywhereFitness" */ = {
			isa = XCConfigurationList;
			buildConfigurations = (
				4B29731B23833A4900E9CC76 /* Debug */,
				4B29731C23833A4900E9CC76 /* Release */,
			);
			defaultConfigurationIsVisible = 0;
			defaultConfigurationName = Release;
		};
/* End XCConfigurationList section */

/* Begin XCVersionGroup section */
		4B29730F23833A4600E9CC76 /* AnywhereFitness.xcdatamodeld */ = {
			isa = XCVersionGroup;
			children = (
				4B29731023833A4600E9CC76 /* AnywhereFitness.xcdatamodel */,
			);
			currentVersion = 4B29731023833A4600E9CC76 /* AnywhereFitness.xcdatamodel */;
			path = AnywhereFitness.xcdatamodeld;
			sourceTree = "<group>";
			versionGroupType = wrapper.xcdatamodel;
		};
/* End XCVersionGroup section */
	};
	rootObject = 4B2972FB23833A4600E9CC76 /* Project object */;
}
